
Microsoft Visual Studio Solution File, Format Version 12.00
# Visual Studio 15
VisualStudioVersion = 15.0.27130.2024
MinimumVisualStudioVersion = 10.0.40219.1
Project("{9A19103F-16F7-4668-BE54-9A1E7A4F7556}") = "Flutterwave.Ravepay.Net", "src\Flutterwave.Ravepay.Net\Flutterwave.Ravepay.Net.csproj", "{99FE6D8E-C863-41F5-8571-21314B56D535}"
EndProject
Project("{9A19103F-16F7-4668-BE54-9A1E7A4F7556}") = "Flutterwave.RavePay.TestCore", "tests\Flutterwave.RavePay.TestCore\Flutterwave.RavePay.TestCore.csproj", "{F7C9B8E8-3AC7-4C2D-9B00-E157DCB95AEE}"
EndProject
Global
	GlobalSection(SolutionConfigurationPlatforms) = preSolution
		Debug|Any CPU = Debug|Any CPU
		Release|Any CPU = Release|Any CPU
	EndGlobalSection
	GlobalSection(ProjectConfigurationPlatforms) = postSolution
		{99FE6D8E-C863-41F5-8571-21314B56D535}.Debug|Any CPU.ActiveCfg = Debug|Any CPU
		{99FE6D8E-C863-41F5-8571-21314B56D535}.Debug|Any CPU.Build.0 = Debug|Any CPU
		{99FE6D8E-C863-41F5-8571-21314B56D535}.Release|Any CPU.ActiveCfg = Release|Any CPU
		{99FE6D8E-C863-41F5-8571-21314B56D535}.Release|Any CPU.Build.0 = Release|Any CPU
		{F7C9B8E8-3AC7-4C2D-9B00-E157DCB95AEE}.Debug|Any CPU.ActiveCfg = Debug|Any CPU
		{F7C9B8E8-3AC7-4C2D-9B00-E157DCB95AEE}.Debug|Any CPU.Build.0 = Debug|Any CPU
		{F7C9B8E8-3AC7-4C2D-9B00-E157DCB95AEE}.Release|Any CPU.ActiveCfg = Release|Any CPU
		{F7C9B8E8-3AC7-4C2D-9B00-E157DCB95AEE}.Release|Any CPU.Build.0 = Release|Any CPU
	EndGlobalSection
	GlobalSection(SolutionProperties) = preSolution
		HideSolutionNode = FALSE
	EndGlobalSection
	GlobalSection(ExtensibilityGlobals) = postSolution
		SolutionGuid = {4A566016-5552-421D-A3A5-AD0636DE72BB}
	EndGlobalSection
EndGlobal
